
Microsoft Visual Studio Solution File, Format Version 12.00
Project("{F2A71F9B-5D33-465A-A702-920D77279786}") = "AdventOfFSharp", "src\AdventOfFSharp\AdventOfFSharp.fsproj", "{26707E43-2E7B-47B8-B013-EE9FB0F32B2B}"
EndProject
Project("{F2A71F9B-5D33-465A-A702-920D77279786}") = "Helpers", "src\Helpers\Helpers.fsproj", "{5C904759-9525-4F59-B8CA-2390EC47C3B1}"
EndProject
Project("{F2A71F9B-5D33-465A-A702-920D77279786}") = "Advent2021", "src\Advent2021\Advent2021.fsproj", "{AC13A5E8-095A-4B56-B067-93013E96CAC9}"
EndProject
Project("{2150E333-8FDC-42A3-9474-1A3956D46DE8}") = "2021", "2021", "{4979ACDE-5DD1-4B1D-828E-DCA2AC1D2E2A}"
EndProject
Project("{F2A71F9B-5D33-465A-A702-920D77279786}") = "Advent2021Tests", "test\Advent2021Tests\Advent2021Tests.fsproj", "{2DFC26B1-A005-4428-9553-B8BCDF839FEF}"
EndProject
Project("{F2A71F9B-5D33-465A-A702-920D77279786}") = "HelpersTests", "test\HelpersTests\HelpersTests.fsproj", "{569C32C5-769D-4A6B-8D5E-A1A42B8EEABE}"
EndProject
Project("{2150E333-8FDC-42A3-9474-1A3956D46DE8}") = "Helpers", "Helpers", "{CBFA7B71-CEE0-4AD2-9A4B-6B091680A11A}"
EndProject
Global
	GlobalSection(SolutionConfigurationPlatforms) = preSolution
		Debug|Any CPU = Debug|Any CPU
		Release|Any CPU = Release|Any CPU
	EndGlobalSection
	GlobalSection(ProjectConfigurationPlatforms) = postSolution
		{26707E43-2E7B-47B8-B013-EE9FB0F32B2B}.Debug|Any CPU.ActiveCfg = Debug|Any CPU
		{26707E43-2E7B-47B8-B013-EE9FB0F32B2B}.Debug|Any CPU.Build.0 = Debug|Any CPU
		{26707E43-2E7B-47B8-B013-EE9FB0F32B2B}.Release|Any CPU.ActiveCfg = Release|Any CPU
		{26707E43-2E7B-47B8-B013-EE9FB0F32B2B}.Release|Any CPU.Build.0 = Release|Any CPU
		{5C904759-9525-4F59-B8CA-2390EC47C3B1}.Debug|Any CPU.ActiveCfg = Debug|Any CPU
		{5C904759-9525-4F59-B8CA-2390EC47C3B1}.Debug|Any CPU.Build.0 = Debug|Any CPU
		{5C904759-9525-4F59-B8CA-2390EC47C3B1}.Release|Any CPU.ActiveCfg = Release|Any CPU
		{5C904759-9525-4F59-B8CA-2390EC47C3B1}.Release|Any CPU.Build.0 = Release|Any CPU
		{AC13A5E8-095A-4B56-B067-93013E96CAC9}.Debug|Any CPU.ActiveCfg = Debug|Any CPU
		{AC13A5E8-095A-4B56-B067-93013E96CAC9}.Debug|Any CPU.Build.0 = Debug|Any CPU
		{AC13A5E8-095A-4B56-B067-93013E96CAC9}.Release|Any CPU.ActiveCfg = Release|Any CPU
		{AC13A5E8-095A-4B56-B067-93013E96CAC9}.Release|Any CPU.Build.0 = Release|Any CPU
		{2DFC26B1-A005-4428-9553-B8BCDF839FEF}.Debug|Any CPU.ActiveCfg = Debug|Any CPU
		{2DFC26B1-A005-4428-9553-B8BCDF839FEF}.Debug|Any CPU.Build.0 = Debug|Any CPU
		{2DFC26B1-A005-4428-9553-B8BCDF839FEF}.Release|Any CPU.ActiveCfg = Release|Any CPU
		{2DFC26B1-A005-4428-9553-B8BCDF839FEF}.Release|Any CPU.Build.0 = Release|Any CPU
		{569C32C5-769D-4A6B-8D5E-A1A42B8EEABE}.Debug|Any CPU.ActiveCfg = Debug|Any CPU
		{569C32C5-769D-4A6B-8D5E-A1A42B8EEABE}.Debug|Any CPU.Build.0 = Debug|Any CPU
		{569C32C5-769D-4A6B-8D5E-A1A42B8EEABE}.Release|Any CPU.ActiveCfg = Release|Any CPU
		{569C32C5-769D-4A6B-8D5E-A1A42B8EEABE}.Release|Any CPU.Build.0 = Release|Any CPU
	EndGlobalSection
	GlobalSection(NestedProjects) = preSolution
		{AC13A5E8-095A-4B56-B067-93013E96CAC9} = {4979ACDE-5DD1-4B1D-828E-DCA2AC1D2E2A}
		{2DFC26B1-A005-4428-9553-B8BCDF839FEF} = {4979ACDE-5DD1-4B1D-828E-DCA2AC1D2E2A}
		{5C904759-9525-4F59-B8CA-2390EC47C3B1} = {CBFA7B71-CEE0-4AD2-9A4B-6B091680A11A}
		{569C32C5-769D-4A6B-8D5E-A1A42B8EEABE} = {CBFA7B71-CEE0-4AD2-9A4B-6B091680A11A}
	EndGlobalSection
EndGlobal
